// !$*UTF8*$!
{ archiveVersion = 1; classes = {}; objectVersion = 56; objects = {
DA7700000000000000000001 = { isa = PBXFileReference; lastKnownFileType = sourcecode.swift; path = "Mac/DocumentPreview.swift"; sourceTree = "<group>"; };
DA7700000000000000000002 = { isa = PBXBuildFile; fileRef = DA7700000000000000000001; };
DA6100000000000000000008 = { isa = PBXFileReference; lastKnownFileType = sourcecode.swift; path = "Mac/MacPreparationFlows.swift"; sourceTree = "<group>"; };
DA6100000000000000000009 = { isa = PBXBuildFile; fileRef = DA6100000000000000000008; };
DA6100000000000000000001 = { isa = PBXFileReference; lastKnownFileType = sourcecode.swift; path = "Shared/BrandColor.swift"; sourceTree = "<group>"; };
DA6100000000000000000002 = { isa = PBXBuildFile; fileRef = DA6100000000000000000001; };
DA6100000000000000000003 = { isa = PBXBuildFile; fileRef = DA6100000000000000000001; };
DA6100000000000000000004 = { isa = PBXFileReference; lastKnownFileType = sourcecode.swift; path = "Shared/MacPresentationStart.swift"; sourceTree = "<group>"; };
DA6100000000000000000005 = { isa = PBXBuildFile; fileRef = DA6100000000000000000004; };
DA6100000000000000000006 = { isa = PBXFileReference; lastKnownFileType = sourcecode.swift; path = "Mac/MacSlideKeyboard.swift"; sourceTree = "<group>"; };
DA6100000000000000000007 = { isa = PBXBuildFile; fileRef = DA6100000000000000000006; };
AD6300000000000000000001 = { isa = XCSwiftPackageProductDependency; productName = KanpekiAudioHost; };
AD6300000000000000000002 = { isa = PBXBuildFile; productRef = AD6300000000000000000001; };
DD6500000000000000000011 = { isa = PBXFileReference; lastKnownFileType = sourcecode.swift; path = "Shared/QRPairingViews.swift"; sourceTree = "<group>"; };
DD6500000000000000000012 = { isa = PBXBuildFile; fileRef = DD6500000000000000000011; };
DD6500000000000000000013 = { isa = PBXBuildFile; fileRef = DD6500000000000000000011; };

DD6500000000000000000001 = { isa = PBXFileReference; lastKnownFileType = sourcecode.swift; path = "Shared/DirectPairing.swift"; sourceTree = "<group>"; };
DD6500000000000000000002 = { isa = PBXBuildFile; fileRef = DD6500000000000000000001; };
DD6500000000000000000003 = { isa = PBXBuildFile; fileRef = DD6500000000000000000001; };

DD1900000000000000000001 = { isa = PBXFileReference; lastKnownFileType = sourcecode.swift; path = "Shared/PeerApprovalState.swift"; sourceTree = "<group>"; };
DD1900000000000000000002 = { isa = PBXBuildFile; fileRef = DD1900000000000000000001; };
DD1900000000000000000003 = { isa = PBXBuildFile; fileRef = DD1900000000000000000001; };
DD2000000000000000000001 = { isa = PBXFileReference; lastKnownFileType = sourcecode.swift; path = "Shared/SlideFrame.swift"; sourceTree = "<group>"; };
DD2000000000000000000002 = { isa = PBXBuildFile; fileRef = DD2000000000000000000001; };
DD2000000000000000000003 = { isa = PBXBuildFile; fileRef = DD2000000000000000000001; };
AD1200000000000000000001 = { isa = PBXFileReference; lastKnownFileType = sourcecode.swift; path = "experiments/AudioCapture/ios/KanpekiAudio/ContentView.swift"; sourceTree = "<group>"; };
AD1200000000000000000101 = { isa = PBXBuildFile; fileRef = AD1200000000000000000001; };
AD1200000000000000000002 = { isa = PBXFileReference; lastKnownFileType = sourcecode.swift; path = "experiments/AudioCapture/ios/KanpekiAudio/RecorderModel.swift"; sourceTree = "<group>"; };
AD1200000000000000000102 = { isa = PBXBuildFile; fileRef = AD1200000000000000000002; };
AD1200000000000000000003 = { isa = PBXFileReference; lastKnownFileType = sourcecode.swift; path = "experiments/AudioCapture/ios/KanpekiAudio/AudioAPI.swift"; sourceTree = "<group>"; };
AD1200000000000000000103 = { isa = PBXBuildFile; fileRef = AD1200000000000000000003; };
DD0000000000000000000001 = { isa = PBXFileReference; lastKnownFileType = sourcecode.swift; path = "Shared/ScreenReview.swift"; sourceTree = "<group>"; };
DD0000000000000000000002 = { isa = PBXBuildFile; fileRef = DD0000000000000000000001; };
DD0000000000000000000003 = { isa = PBXBuildFile; fileRef = DD0000000000000000000001; };
EE1100000000000000000001 = { isa = PBXFileReference; lastKnownFileType = sourcecode.swift; path = "Shared/PresentationTimer.swift"; sourceTree = "<group>"; };
EE1100000000000000000002 = { isa = PBXFileReference; lastKnownFileType = sourcecode.swift; path = "Shared/PresentationTimerViews.swift"; sourceTree = "<group>"; };
EE1100000000000000000003 = { isa = PBXBuildFile; fileRef = EE1100000000000000000001; };
EE1100000000000000000004 = { isa = PBXBuildFile; fileRef = EE1100000000000000000002; };
EE1100000000000000000005 = { isa = PBXBuildFile; fileRef = EE1100000000000000000001; };
EE1100000000000000000006 = { isa = PBXBuildFile; fileRef = EE1100000000000000000002; };
DD1600000000000000000001 = { isa = PBXFileReference; lastKnownFileType = sourcecode.swift; path = "Shared/SlidePointer.swift"; sourceTree = "<group>"; };
DD1600000000000000000002 = { isa = PBXFileReference; lastKnownFileType = sourcecode.swift; path = "Mac/SlidePointerOverlay.swift"; sourceTree = "<group>"; };
DD1600000000000000000003 = { isa = PBXFileReference; lastKnownFileType = sourcecode.swift; path = "iOS/SlideTouchSurface.swift"; sourceTree = "<group>"; };
DD1600000000000000000004 = { isa = PBXBuildFile; fileRef = DD1600000000000000000001; };
DD1600000000000000000005 = { isa = PBXBuildFile; fileRef = DD1600000000000000000001; };
DD1600000000000000000006 = { isa = PBXBuildFile; fileRef = DD1600000000000000000002; };
DD1600000000000000000007 = { isa = PBXBuildFile; fileRef = DD1600000000000000000003; };
DD1800000000000000000001 = { isa = PBXFileReference; lastKnownFileType = sourcecode.swift; path = "Shared/PresentationNotificationPolicy.swift"; sourceTree = "<group>"; };
DD1800000000000000000002 = { isa = PBXFileReference; lastKnownFileType = sourcecode.swift; path = "iOS/PresentationNotificationBanner.swift"; sourceTree = "<group>"; };
DD1800000000000000000003 = { isa = PBXBuildFile; fileRef = DD1800000000000000000001; };
DD1800000000000000000004 = { isa = PBXBuildFile; fileRef = DD1800000000000000000002; };
CC0000000000000000000001 = { isa = XCLocalSwiftPackageReference; relativePath = .; };
CC0000000000000000000002 = { isa = XCSwiftPackageProductDependency; productName = KanpekiCamera; };
CC0000000000000000000003 = { isa = XCSwiftPackageProductDependency; productName = KanpekiCamera; };
CC0000000000000000000004 = { isa = PBXBuildFile; productRef = CC0000000000000000000002; };
CC0000000000000000000005 = { isa = PBXBuildFile; productRef = CC0000000000000000000003; };
AB0000000000000000000001 = { isa = PBXFileReference; lastKnownFileType = folder.assetcatalog; path = "Mac/Assets.xcassets"; sourceTree = "<group>"; };
AB0000000000000000000002 = { isa = PBXBuildFile; fileRef = AB0000000000000000000001; };
AA0000000000000000000001 = { isa = PBXFileReference; lastKnownFileType = folder.assetcatalog; path = "iOS/Assets.xcassets"; sourceTree = "<group>"; };
AA0000000000000000000002 = { isa = PBXBuildFile; fileRef = AA0000000000000000000001; };
487029ABA0C58EE21B5F45AD = { isa = PBXFileReference; lastKnownFileType = sourcecode.swift; path = "Shared/Models.swift"; sourceTree = "<group>"; };
A7140D0DFAC208C18CB32488 = { isa = PBXFileReference; lastKnownFileType = sourcecode.swift; path = "Shared/PeerLink.swift"; sourceTree = "<group>"; };
FD8D61DDF97C1B8FE4F87092 = { isa = PBXFileReference; lastKnownFileType = sourcecode.swift; path = "Mac/KanpekiMacApp.swift"; sourceTree = "<group>"; };
0C17A9F9BCA59FF33EFB26F0 = { isa = PBXFileReference; lastKnownFileType = sourcecode.swift; path = "Mac/MacModel.swift"; sourceTree = "<group>"; };
40D41DE60FF81CE5DC00CE90 = { isa = PBXFileReference; lastKnownFileType = sourcecode.swift; path = "Mac/PPTXImporter.swift"; sourceTree = "<group>"; };
820E13A43C739D61E7EAB242 = { isa = PBXFileReference; lastKnownFileType = sourcecode.swift; path = "Mac/PowerPointBridge.swift"; sourceTree = "<group>"; };
457F5F75C0A3D47EA6A4190B = { isa = PBXFileReference; lastKnownFileType = sourcecode.swift; path = "Mac/WindowCapture.swift"; sourceTree = "<group>"; };
2F937A68EEB78022455C7CAE = { isa = PBXFileReference; lastKnownFileType = sourcecode.swift; path = "iOS/KanpekiPhoneApp.swift"; sourceTree = "<group>"; };
9F6BC8F0D80ECD4C1472352E = { isa = PBXFileReference; explicitFileType = wrapper.application; path = KanpekiMac.app; sourceTree = BUILT_PRODUCTS_DIR; };
A2E5AED80BE834CABEA5CC4C = { isa = PBXBuildFile; fileRef = 487029ABA0C58EE21B5F45AD; };
A33EA33ACC64D0719EF311A2 = { isa = PBXBuildFile; fileRef = A7140D0DFAC208C18CB32488; };
DE1A7D2620CA89F2CAE88246 = { isa = PBXBuildFile; fileRef = FD8D61DDF97C1B8FE4F87092; };
3006A562372D9484A8546FFA = { isa = PBXBuildFile; fileRef = 0C17A9F9BCA59FF33EFB26F0; };
CF0A76686672EA6F87B0AC2B = { isa = PBXBuildFile; fileRef = 40D41DE60FF81CE5DC00CE90; };
B16CFF9956D135FBFEE3A12B = { isa = PBXBuildFile; fileRef = 820E13A43C739D61E7EAB242; };
5FA24FAEBC68E5B629AE47E9 = { isa = PBXBuildFile; fileRef = 457F5F75C0A3D47EA6A4190B; };
61C1F9A06EA58B99F89C784A = { isa = PBXSourcesBuildPhase; buildActionMask = 2147483647; files = (DA7700000000000000000002,DA6100000000000000000009,DA6100000000000000000002,DA6100000000000000000005,DA6100000000000000000007,DD2000000000000000000002,DD0000000000000000000002,EE1100000000000000000003,EE1100000000000000000004,A2E5AED80BE834CABEA5CC4C,A33EA33ACC64D0719EF311A2,DE1A7D2620CA89F2CAE88246,3006A562372D9484A8546FFA,CF0A76686672EA6F87B0AC2B,B16CFF9956D135FBFEE3A12B,5FA24FAEBC68E5B629AE47E9,DD1600000000000000000004,DD1600000000000000000006,DD6500000000000000000012,DD6500000000000000000002,DD1900000000000000000002); runOnlyForDeploymentPostprocessing = 0; };
981D3ECFE7211F38EEE56286 = { isa = PBXFrameworksBuildPhase; buildActionMask = 2147483647; files = (CC0000000000000000000004,AD6300000000000000000002); runOnlyForDeploymentPostprocessing = 0; };
6DE150E5FEF46AF6D0369E50 = { isa = PBXResourcesBuildPhase; buildActionMask = 2147483647; files = (AB0000000000000000000002); runOnlyForDeploymentPostprocessing = 0; };
947A0286D2453E52719DB169 = { isa = XCBuildConfiguration; name = Debug; buildSettings = {PRODUCT_NAME = "$(TARGET_NAME)"; PRODUCT_BUNDLE_IDENTIFIER = "jp.kanpeki.prototype.mac"; INFOPLIST_FILE = "Config/Mac-Info.plist"; GENERATE_INFOPLIST_FILE = "NO"; SWIFT_VERSION = "5.0"; SWIFT_STRICT_CONCURRENCY = "minimal"; SDKROOT = "macosx"; CODE_SIGN_STYLE = "Automatic"; SWIFT_OPTIMIZATION_LEVEL = "-Onone"; ENABLE_USER_SCRIPT_SANDBOXING = "YES"; CLANG_ENABLE_MODULES = "YES"; MACOSX_DEPLOYMENT_TARGET = "14.0"; CODE_SIGN_ENTITLEMENTS = "Config/Mac.entitlements"; ENABLE_APP_SANDBOX = "NO"; ENABLE_HARDENED_RUNTIME = "YES"; CODE_SIGN_IDENTITY = "-"; SUPPORTED_PLATFORMS = "macosx"; COMBINE_HIDPI_IMAGES = "YES"; LD_RUNPATH_SEARCH_PATHS = "$(inherited) @executable_path/../Frameworks"; MARKETING_VERSION = 0.1.0; CURRENT_PROJECT_VERSION = 1; ASSETCATALOG_COMPILER_APPICON_NAME = AppIcon; DEBUG_INFORMATION_FORMAT = "dwarf-with-dsym";}; };
8661893A1D5D339B3BD03411 = { isa = XCBuildConfiguration; name = Release; buildSettings = {PRODUCT_NAME = "$(TARGET_NAME)"; PRODUCT_BUNDLE_IDENTIFIER = "jp.kanpeki.prototype.mac"; INFOPLIST_FILE = "Config/Mac-Info.plist"; GENERATE_INFOPLIST_FILE = "NO"; SWIFT_VERSION = "5.0"; SWIFT_STRICT_CONCURRENCY = "minimal"; SDKROOT = "macosx"; CODE_SIGN_STYLE = "Automatic"; SWIFT_OPTIMIZATION_LEVEL = "-O"; ENABLE_USER_SCRIPT_SANDBOXING = "YES"; CLANG_ENABLE_MODULES = "YES"; MACOSX_DEPLOYMENT_TARGET = "14.0"; CODE_SIGN_ENTITLEMENTS = "Config/Mac.entitlements"; ENABLE_APP_SANDBOX = "NO"; ENABLE_HARDENED_RUNTIME = "YES"; CODE_SIGN_IDENTITY = "-"; SUPPORTED_PLATFORMS = "macosx"; COMBINE_HIDPI_IMAGES = "YES"; LD_RUNPATH_SEARCH_PATHS = "$(inherited) @executable_path/../Frameworks"; MARKETING_VERSION = 0.1.0; CURRENT_PROJECT_VERSION = 1; ASSETCATALOG_COMPILER_APPICON_NAME = AppIcon; DEBUG_INFORMATION_FORMAT = "dwarf-with-dsym";}; };
9C585F18A3FCC9669B0EDC25 = { isa = XCConfigurationList; buildConfigurations = (947A0286D2453E52719DB169,8661893A1D5D339B3BD03411); defaultConfigurationIsVisible = 0; defaultConfigurationName = Debug; };
68C056C66D23F52EACAE522C = { isa = PBXNativeTarget; packageProductDependencies = (CC0000000000000000000002,AD6300000000000000000001); name = KanpekiMac; productName = KanpekiMac; productType = "com.apple.product-type.application"; productReference = 9F6BC8F0D80ECD4C1472352E; buildConfigurationList = 9C585F18A3FCC9669B0EDC25; buildPhases = (61C1F9A06EA58B99F89C784A,981D3ECFE7211F38EEE56286,6DE150E5FEF46AF6D0369E50); buildRules = (); dependencies = (); };
2BC872B2298FCDBF97373804 = { isa = PBXFileReference; explicitFileType = wrapper.application; path = KanpekiPhone.app; sourceTree = BUILT_PRODUCTS_DIR; };
7E3CAF79E3617D728E839FA9 = { isa = PBXBuildFile; fileRef = 487029ABA0C58EE21B5F45AD; };
A4E8A0779FDA5531E0896842 = { isa = PBXBuildFile; fileRef = A7140D0DFAC208C18CB32488; };
DEDF4623ECB76E9BA25F16AF = { isa = PBXBuildFile; fileRef = 2F937A68EEB78022455C7CAE; };
9CCA16380441A95459E79FD6 = { isa = PBXSourcesBuildPhase; buildActionMask = 2147483647; files = (DA6100000000000000000003,DD2000000000000000000003,AD1200000000000000000101,AD1200000000000000000102,AD1200000000000000000103,DD0000000000000000000003,DD1800000000000000000003,DD1800000000000000000004,EE1100000000000000000005,EE1100000000000000000006,7E3CAF79E3617D728E839FA9,A4E8A0779FDA5531E0896842,DEDF4623ECB76E9BA25F16AF,DD1600000000000000000005,DD1600000000000000000007,DD6500000000000000000013,DD6500000000000000000003,DD1900000000000000000003); runOnlyForDeploymentPostprocessing = 0; };
428D9A3371DEC8E7CF6B4342 = { isa = PBXFrameworksBuildPhase; buildActionMask = 2147483647; files = (CC0000000000000000000005); runOnlyForDeploymentPostprocessing = 0; };
56667E7ADB1D46167F1CB564 = { isa = PBXResourcesBuildPhase; buildActionMask = 2147483647; files = (AA0000000000000000000002); runOnlyForDeploymentPostprocessing = 0; };
FD39EEE9340D2A2384FD9657 = { isa = XCBuildConfiguration; name = Debug; buildSettings = {PRODUCT_NAME = "$(TARGET_NAME)"; PRODUCT_BUNDLE_IDENTIFIER = "jp.kanpeki.prototype.phone"; INFOPLIST_FILE = "Config/Phone-Info.plist"; GENERATE_INFOPLIST_FILE = "NO"; SWIFT_VERSION = "5.0"; SWIFT_STRICT_CONCURRENCY = "minimal"; SDKROOT = "iphoneos"; CODE_SIGN_STYLE = "Automatic"; SWIFT_OPTIMIZATION_LEVEL = "-Onone"; ENABLE_USER_SCRIPT_SANDBOXING = "YES"; CLANG_ENABLE_MODULES = "YES"; IPHONEOS_DEPLOYMENT_TARGET = "17.0"; TARGETED_DEVICE_FAMILY = "1,2"; SUPPORTED_PLATFORMS = "iphoneos iphonesimulator"; SUPPORTS_MACCATALYST = "NO"; DEVELOPMENT_TEAM = XYJX89KRDM; ASSETCATALOG_COMPILER_APPICON_NAME = AppIcon; MARKETING_VERSION = 0.1.0; CURRENT_PROJECT_VERSION = 1; DEBUG_INFORMATION_FORMAT = "dwarf-with-dsym";}; };
1CF6EB80B1A5AF2D8620AFA5 = { isa = XCBuildConfiguration; name = Release; buildSettings = {PRODUCT_NAME = "$(TARGET_NAME)"; PRODUCT_BUNDLE_IDENTIFIER = "jp.kanpeki.prototype.phone"; INFOPLIST_FILE = "Config/Phone-Info.plist"; GENERATE_INFOPLIST_FILE = "NO"; SWIFT_VERSION = "5.0"; SWIFT_STRICT_CONCURRENCY = "minimal"; SDKROOT = "iphoneos"; CODE_SIGN_STYLE = "Automatic"; SWIFT_OPTIMIZATION_LEVEL = "-O"; ENABLE_USER_SCRIPT_SANDBOXING = "YES"; CLANG_ENABLE_MODULES = "YES"; IPHONEOS_DEPLOYMENT_TARGET = "17.0"; TARGETED_DEVICE_FAMILY = "1,2"; SUPPORTED_PLATFORMS = "iphoneos iphonesimulator"; SUPPORTS_MACCATALYST = "NO"; DEVELOPMENT_TEAM = XYJX89KRDM; ASSETCATALOG_COMPILER_APPICON_NAME = AppIcon; MARKETING_VERSION = 0.1.0; CURRENT_PROJECT_VERSION = 1; DEBUG_INFORMATION_FORMAT = "dwarf-with-dsym";}; };
FA65E4EEC8AFD0C56810E47E = { isa = XCConfigurationList; buildConfigurations = (FD39EEE9340D2A2384FD9657,1CF6EB80B1A5AF2D8620AFA5); defaultConfigurationIsVisible = 0; defaultConfigurationName = Debug; };
3D08F252315280B1952ED65F = { isa = PBXNativeTarget; packageProductDependencies = (CC0000000000000000000003); name = KanpekiPhone; productName = KanpekiPhone; productType = "com.apple.product-type.application"; productReference = 2BC872B2298FCDBF97373804; buildConfigurationList = FA65E4EEC8AFD0C56810E47E; buildPhases = (9CCA16380441A95459E79FD6,428D9A3371DEC8E7CF6B4342,56667E7ADB1D46167F1CB564); buildRules = (); dependencies = (); };
FBDC4F23F93125BBEEAE800C = { isa = PBXGroup; name = Products; children = (9F6BC8F0D80ECD4C1472352E,2BC872B2298FCDBF97373804); sourceTree = "<group>"; };
B28B7AF69320201D1CF206EB = { isa = PBXGroup; children = (DA7700000000000000000001,DA6100000000000000000008,DA6100000000000000000001,DA6100000000000000000004,DA6100000000000000000006,DD2000000000000000000001,AD1200000000000000000001,AD1200000000000000000002,AD1200000000000000000003,DD0000000000000000000001,DD1800000000000000000001,DD1800000000000000000002,EE1100000000000000000001,EE1100000000000000000002,AB0000000000000000000001,AA0000000000000000000001,487029ABA0C58EE21B5F45AD,A7140D0DFAC208C18CB32488,FD8D61DDF97C1B8FE4F87092,0C17A9F9BCA59FF33EFB26F0,40D41DE60FF81CE5DC00CE90,820E13A43C739D61E7EAB242,457F5F75C0A3D47EA6A4190B,2F937A68EEB78022455C7CAE,FBDC4F23F93125BBEEAE800C,DD1600000000000000000001,DD1600000000000000000002,DD1600000000000000000003,DD6500000000000000000011,DD6500000000000000000001,DD1900000000000000000001); sourceTree = "<group>"; };
89E1FD6268CC0F221A2BE178 = { isa = XCBuildConfiguration; name = Debug; buildSettings = { CLANG_ENABLE_MODULES = YES; SWIFT_VERSION = 5.0; ONLY_ACTIVE_ARCH = YES; }; };
E6DE6C99132752C914FEF632 = { isa = XCBuildConfiguration; name = Release; buildSettings = { CLANG_ENABLE_MODULES = YES; SWIFT_VERSION = 5.0; }; };
862894B703A6DEDF96A9DD6C = { isa = XCConfigurationList; buildConfigurations = (89E1FD6268CC0F221A2BE178,E6DE6C99132752C914FEF632); defaultConfigurationIsVisible = 0; defaultConfigurationName = Debug; };
98F54143AB4E86B28C3AFEE0 = { isa = PBXProject; packageReferences = (CC0000000000000000000001); attributes = { BuildIndependentTargetsInParallel = YES; LastUpgradeCheck = 1660; }; buildConfigurationList = 862894B703A6DEDF96A9DD6C; compatibilityVersion = "Xcode 14.0"; developmentRegion = ja; hasScannedForEncodings = 0; knownRegions = (ja,en,Base); mainGroup = B28B7AF69320201D1CF206EB; productRefGroup = FBDC4F23F93125BBEEAE800C; projectDirPath = ""; projectRoot = ""; targets = (68C056C66D23F52EACAE522C,3D08F252315280B1952ED65F); };
}; rootObject = 98F54143AB4E86B28C3AFEE0; }
